
Microsoft Visual Studio Solution File, Format Version 12.00
# Visual Studio Version 16
VisualStudioVersion = 16.0.30114.105
MinimumVisualStudioVersion = 10.0.40219.1
Project("{FAE04EC0-301F-11D3-BF4B-00C04F79EFBC}") = "Program1", "Program1\Program1.csproj", "{0F1D3702-E187-49E8-8840-1308EA7451AA}"
EndProject
Global
	GlobalSection(SolutionConfigurationPlatforms) = preSolution
		Debug|Any CPU = Debug|Any CPU
		Release|Any CPU = Release|Any CPU
	EndGlobalSection
	GlobalSection(ProjectConfigurationPlatforms) = postSolution
		{0F1D3702-E187-49E8-8840-1308EA7451AA}.Debug|Any CPU.ActiveCfg = Debug|Any CPU
		{0F1D3702-E187-49E8-8840-1308EA7451AA}.Debug|Any CPU.Build.0 = Debug|Any CPU
		{0F1D3702-E187-49E8-8840-1308EA7451AA}.Release|Any CPU.ActiveCfg = Release|Any CPU
		{0F1D3702-E187-49E8-8840-1308EA7451AA}.Release|Any CPU.Build.0 = Release|Any CPU
	EndGlobalSection
	GlobalSection(SolutionProperties) = preSolution
		HideSolutionNode = FALSE
	EndGlobalSection
	GlobalSection(ExtensibilityGlobals) = postSolution
		SolutionGuid = {7D534DB4-1A02-4CFB-BBE1-97F4B561AA40}
	EndGlobalSection
EndGlobal
